
Microsoft Visual Studio Solution File, Format Version 12.00
# Visual Studio 15
VisualStudioVersion = 15.0.28307.705
MinimumVisualStudioVersion = 10.0.40219.1
Project("{9A19103F-16F7-4668-BE54-9A1E7A4F7556}") = "MyFinance", "MyFinance\MyFinance.csproj", "{390A56A0-59C3-4633-92D0-1C4258A4BBC0}"
EndProject
Project("{FAE04EC0-301F-11D3-BF4B-00C04F79EFBC}") = "ProjetoTestes", "ProjetoTestes\ProjetoTestes.csproj", "{A8802864-6106-422F-8556-7C2DB7527BBA}"
EndProject
Global
	GlobalSection(SolutionConfigurationPlatforms) = preSolution
		Debug|Any CPU = Debug|Any CPU
		Release|Any CPU = Release|Any CPU
	EndGlobalSection
	GlobalSection(ProjectConfigurationPlatforms) = postSolution
		{390A56A0-59C3-4633-92D0-1C4258A4BBC0}.Debug|Any CPU.ActiveCfg = Debug|Any CPU
		{390A56A0-59C3-4633-92D0-1C4258A4BBC0}.Debug|Any CPU.Build.0 = Debug|Any CPU
		{390A56A0-59C3-4633-92D0-1C4258A4BBC0}.Release|Any CPU.ActiveCfg = Release|Any CPU
		{390A56A0-59C3-4633-92D0-1C4258A4BBC0}.Release|Any CPU.Build.0 = Release|Any CPU
		{A8802864-6106-422F-8556-7C2DB7527BBA}.Debug|Any CPU.ActiveCfg = Debug|Any CPU
		{A8802864-6106-422F-8556-7C2DB7527BBA}.Debug|Any CPU.Build.0 = Debug|Any CPU
		{A8802864-6106-422F-8556-7C2DB7527BBA}.Release|Any CPU.ActiveCfg = Release|Any CPU
		{A8802864-6106-422F-8556-7C2DB7527BBA}.Release|Any CPU.Build.0 = Release|Any CPU
	EndGlobalSection
	GlobalSection(SolutionProperties) = preSolution
		HideSolutionNode = FALSE
	EndGlobalSection
	GlobalSection(ExtensibilityGlobals) = postSolution
		SolutionGuid = {C9A28FF5-61C7-474F-889D-136ACF21F111}
	EndGlobalSection
EndGlobal
